
Microsoft Visual Studio Solution File, Format Version 12.00
# Visual Studio Version 17
VisualStudioVersion = 17.9.34701.34
MinimumVisualStudioVersion = 10.0.40219.1
Project("{FAE04EC0-301F-11D3-BF4B-00C04F79EFBC}") = "TestingProjectWPF", "TestingProjectWPF.csproj", "{8A4229CD-CC60-463D-9104-2E76A6221925}"
EndProject
Global
	GlobalSection(SolutionConfigurationPlatforms) = preSolution
		Debug|Any CPU = Debug|Any CPU
		Release|Any CPU = Release|Any CPU
	EndGlobalSection
	GlobalSection(ProjectConfigurationPlatforms) = postSolution
		{8A4229CD-CC60-463D-9104-2E76A6221925}.Debug|Any CPU.ActiveCfg = Debug|Any CPU
		{8A4229CD-CC60-463D-9104-2E76A6221925}.Debug|Any CPU.Build.0 = Debug|Any CPU
		{8A4229CD-CC60-463D-9104-2E76A6221925}.Release|Any CPU.ActiveCfg = Release|Any CPU
		{8A4229CD-CC60-463D-9104-2E76A6221925}.Release|Any CPU.Build.0 = Release|Any CPU
	EndGlobalSection
	GlobalSection(SolutionProperties) = preSolution
		HideSolutionNode = FALSE
	EndGlobalSection
	GlobalSection(ExtensibilityGlobals) = postSolution
		SolutionGuid = {2F998582-0E25-4E1E-A449-6B212109FCDD}
	EndGlobalSection
EndGlobal
